
Microsoft Visual Studio Solution File, Format Version 11.00
# Visual Studio 2010
Project("{8BC9CEB8-8B4A-11D0-8D11-00A0C91BC942}") = "Network_Chess", "Network_Chess\Network_Chess.vcxproj", "{12B5C923-9842-4035-9D3A-B31E6F11BC79}"
EndProject
Global
	GlobalSection(SolutionConfigurationPlatforms) = preSolution
		Debug|Win32 = Debug|Win32
		Release|Win32 = Release|Win32
	EndGlobalSection
	GlobalSection(ProjectConfigurationPlatforms) = postSolution
		{12B5C923-9842-4035-9D3A-B31E6F11BC79}.Debug|Win32.ActiveCfg = Debug|Win32
		{12B5C923-9842-4035-9D3A-B31E6F11BC79}.Debug|Win32.Build.0 = Debug|Win32
		{12B5C923-9842-4035-9D3A-B31E6F11BC79}.Release|Win32.ActiveCfg = Release|Win32
		{12B5C923-9842-4035-9D3A-B31E6F11BC79}.Release|Win32.Build.0 = Release|Win32
	EndGlobalSection
	GlobalSection(SolutionProperties) = preSolution
		HideSolutionNode = FALSE
	EndGlobalSection
EndGlobal
